// !$*UTF8*$!
{
	archiveVersion = 1;
	classes = {
	};
	objectVersion = 56;
	objects = {

/* Begin PBXBuildFile section */
		6E954C307836D8933B098223 /* Pods_RXswift.framework in Frameworks */ = {isa = PBXBuildFile; fileRef = F6187D1564E53E2F07A2C072 /* Pods_RXswift.framework */; };
		EE0184722A0014F100C5CFB2 /* HeaderCollectionViewCell.swift in Sources */ = {isa = PBXBuildFile; fileRef = EE0184712A0014F100C5CFB2 /* HeaderCollectionViewCell.swift */; };
		EE0184742A00153A00C5CFB2 /* FooterCollectionViewCell.swift in Sources */ = {isa = PBXBuildFile; fileRef = EE0184732A00153A00C5CFB2 /* FooterCollectionViewCell.swift */; };
		EE0184762A0020DF00C5CFB2 /* UserPostCommentsViewController.swift in Sources */ = {isa = PBXBuildFile; fileRef = EE0184752A0020DF00C5CFB2 /* UserPostCommentsViewController.swift */; };
		EE0AF6132A070720001CE046 /* ViewModel.swift in Sources */ = {isa = PBXBuildFile; fileRef = EE0AF6122A070720001CE046 /* ViewModel.swift */; };
		EE47574029F93EF600C7F2C0 /* AppDelegate.swift in Sources */ = {isa = PBXBuildFile; fileRef = EE47573F29F93EF600C7F2C0 /* AppDelegate.swift */; };
		EE47574229F93EF600C7F2C0 /* SceneDelegate.swift in Sources */ = {isa = PBXBuildFile; fileRef = EE47574129F93EF600C7F2C0 /* SceneDelegate.swift */; };
		EE47574429F93EF600C7F2C0 /* ViewController.swift in Sources */ = {isa = PBXBuildFile; fileRef = EE47574329F93EF600C7F2C0 /* ViewController.swift */; };
		EE47574729F93EF600C7F2C0 /* Main.storyboard in Resources */ = {isa = PBXBuildFile; fileRef = EE47574529F93EF600C7F2C0 /* Main.storyboard */; };
		EE47574929F93EF700C7F2C0 /* Assets.xcassets in Resources */ = {isa = PBXBuildFile; fileRef = EE47574829F93EF700C7F2C0 /* Assets.xcassets */; };
		EE47574C29F93EF700C7F2C0 /* LaunchScreen.storyboard in Resources */ = {isa = PBXBuildFile; fileRef = EE47574A29F93EF700C7F2C0 /* LaunchScreen.storyboard */; };
		EE47575729F947DE00C7F2C0 /* LivePreviewViews.swift in Sources */ = {isa = PBXBuildFile; fileRef = EE47575629F947DE00C7F2C0 /* LivePreviewViews.swift */; };
		EE47575A29F9499100C7F2C0 /* AuthViewController.swift in Sources */ = {isa = PBXBuildFile; fileRef = EE47575929F9499100C7F2C0 /* AuthViewController.swift */; };
		EE47575C29F94AC600C7F2C0 /* AuthView.swift in Sources */ = {isa = PBXBuildFile; fileRef = EE47575B29F94AC600C7F2C0 /* AuthView.swift */; };
		EE47575E29F94EF400C7F2C0 /* UIView+Extensions.swift in Sources */ = {isa = PBXBuildFile; fileRef = EE47575D29F94EF400C7F2C0 /* UIView+Extensions.swift */; };
		EE47576029F950A700C7F2C0 /* UIColor+Extension.swift in Sources */ = {isa = PBXBuildFile; fileRef = EE47575F29F950A700C7F2C0 /* UIColor+Extension.swift */; };
		EE47577129F9609100C7F2C0 /* UserViewModel.xcdatamodeld in Sources */ = {isa = PBXBuildFile; fileRef = EE47576F29F9609100C7F2C0 /* UserViewModel.xcdatamodeld */; };
		EE47577529F9613F00C7F2C0 /* CoreDataManager.swift in Sources */ = {isa = PBXBuildFile; fileRef = EE47577429F9613F00C7F2C0 /* CoreDataManager.swift */; };
		EE47577729F9614B00C7F2C0 /* ApiManager.swift in Sources */ = {isa = PBXBuildFile; fileRef = EE47577629F9614B00C7F2C0 /* ApiManager.swift */; };
		EE47577929F9627D00C7F2C0 /* UserViewModel.swift in Sources */ = {isa = PBXBuildFile; fileRef = EE47577829F9627D00C7F2C0 /* UserViewModel.swift */; };
		EE47577C29F98E3A00C7F2C0 /* JsonCoreData+Extension.swift in Sources */ = {isa = PBXBuildFile; fileRef = EE47577B29F98E3A00C7F2C0 /* JsonCoreData+Extension.swift */; };
		EE595AED2A0167A3002B1AB2 /* UserPostComment.swift in Sources */ = {isa = PBXBuildFile; fileRef = EE595AEC2A0167A3002B1AB2 /* UserPostComment.swift */; };
		EE732ED42A14F4CC0005E949 /* SplashViewController.swift in Sources */ = {isa = PBXBuildFile; fileRef = EE732ED22A14F4CC0005E949 /* SplashViewController.swift */; };
		EE732ED52A14F4CC0005E949 /* SplashViewController.xib in Resources */ = {isa = PBXBuildFile; fileRef = EE732ED32A14F4CC0005E949 /* SplashViewController.xib */; };
		EE732EDB2A1517050005E949 /* CollectionView.swift in Sources */ = {isa = PBXBuildFile; fileRef = EE732EDA2A1517050005E949 /* CollectionView.swift */; };
		EE732EDD2A151A170005E949 /* splash.json in Resources */ = {isa = PBXBuildFile; fileRef = EE732EDC2A151A170005E949 /* splash.json */; };
		EE749EED29FD9B68008C56D2 /* User.swift in Sources */ = {isa = PBXBuildFile; fileRef = EE749EEC29FD9B68008C56D2 /* User.swift */; };
		EE749EEF29FDB3FB008C56D2 /* UserPost.swift in Sources */ = {isa = PBXBuildFile; fileRef = EE749EEE29FDB3FB008C56D2 /* UserPost.swift */; };
		EE749EF129FDB536008C56D2 /* UserPostViewModel.swift in Sources */ = {isa = PBXBuildFile; fileRef = EE749EF029FDB536008C56D2 /* UserPostViewModel.swift */; };
		EEA00EE12A0291850090691D /* TableView+Extension.swift in Sources */ = {isa = PBXBuildFile; fileRef = EEA00EE02A0291850090691D /* TableView+Extension.swift */; };
		EEA00EE62A029F8B0090691D /* DataSource.swift in Sources */ = {isa = PBXBuildFile; fileRef = EEA00EE52A029F8B0090691D /* DataSource.swift */; };
		EEA00EEB2A02A1930090691D /* UserPostItemTableViewCell.swift in Sources */ = {isa = PBXBuildFile; fileRef = EEA00EEA2A02A1930090691D /* UserPostItemTableViewCell.swift */; };
		EEA221342A0448E90086DB68 /* BaseApi.swift in Sources */ = {isa = PBXBuildFile; fileRef = EEA221332A0448E90086DB68 /* BaseApi.swift */; };
		EEAF58E92A0EE1F800CF843F /* ListPostViewController.swift in Sources */ = {isa = PBXBuildFile; fileRef = EEAF58E72A0EE1F800CF843F /* ListPostViewController.swift */; };
		EECBE14A2A09AE6400D22E53 /* ApiManagerParses.swift in Sources */ = {isa = PBXBuildFile; fileRef = EECBE1492A09AE6400D22E53 /* ApiManagerParses.swift */; };
		EECCD7C02A12E53800F7F7EE /* UserApi.swift in Sources */ = {isa = PBXBuildFile; fileRef = EECCD7BF2A12E53800F7F7EE /* UserApi.swift */; };
		EEDB46FC29FB30E600993258 /* ListCollectionViewCell.swift in Sources */ = {isa = PBXBuildFile; fileRef = EEDB46FB29FB30E600993258 /* ListCollectionViewCell.swift */; };
		EEEFAADC2A0E384C00E65AC5 /* UserPostCommentsViewModel.swift in Sources */ = {isa = PBXBuildFile; fileRef = EEEFAADB2A0E384C00E65AC5 /* UserPostCommentsViewModel.swift */; };
/* End PBXBuildFile section */

/* Begin PBXFileReference section */
		C08BAF7C03E864FD0F5DB1F8 /* Pods-RXswift.release.xcconfig */ = {isa = PBXFileReference; includeInIndex = 1; lastKnownFileType = text.xcconfig; name = "Pods-RXswift.release.xcconfig"; path = "Target Support Files/Pods-RXswift/Pods-RXswift.release.xcconfig"; sourceTree = "<group>"; };
		D335D22E9B78BDCC357C97BE /* Pods-RXswift.debug.xcconfig */ = {isa = PBXFileReference; includeInIndex = 1; lastKnownFileType = text.xcconfig; name = "Pods-RXswift.debug.xcconfig"; path = "Target Support Files/Pods-RXswift/Pods-RXswift.debug.xcconfig"; sourceTree = "<group>"; };
		EE0184712A0014F100C5CFB2 /* HeaderCollectionViewCell.swift */ = {isa = PBXFileReference; lastKnownFileType = sourcecode.swift; path = HeaderCollectionViewCell.swift; sourceTree = "<group>"; };
		EE0184732A00153A00C5CFB2 /* FooterCollectionViewCell.swift */ = {isa = PBXFileReference; lastKnownFileType = sourcecode.swift; path = FooterCollectionViewCell.swift; sourceTree = "<group>"; };
		EE0184752A0020DF00C5CFB2 /* UserPostCommentsViewController.swift */ = {isa = PBXFileReference; lastKnownFileType = sourcecode.swift; path = UserPostCommentsViewController.swift; sourceTree = "<group>"; };
		EE0AF6122A070720001CE046 /* ViewModel.swift */ = {isa = PBXFileReference; lastKnownFileType = sourcecode.swift; path = ViewModel.swift; sourceTree = "<group>"; };
		EE47573C29F93EF600C7F2C0 /* RXswift.app */ = {isa = PBXFileReference; explicitFileType = wrapper.application; includeInIndex = 0; path = RXswift.app; sourceTree = BUILT_PRODUCTS_DIR; };
		EE47573F29F93EF600C7F2C0 /* AppDelegate.swift */ = {isa = PBXFileReference; lastKnownFileType = sourcecode.swift; path = AppDelegate.swift; sourceTree = "<group>"; };
		EE47574129F93EF600C7F2C0 /* SceneDelegate.swift */ = {isa = PBXFileReference; lastKnownFileType = sourcecode.swift; path = SceneDelegate.swift; sourceTree = "<group>"; };
		EE47574329F93EF600C7F2C0 /* ViewController.swift */ = {isa = PBXFileReference; lastKnownFileType = sourcecode.swift; path = ViewController.swift; sourceTree = "<group>"; };
		EE47574629F93EF600C7F2C0 /* Base */ = {isa = PBXFileReference; lastKnownFileType = file.storyboard; name = Base; path = Base.lproj/Main.storyboard; sourceTree = "<group>"; };
		EE47574829F93EF700C7F2C0 /* Assets.xcassets */ = {isa = PBXFileReference; lastKnownFileType = folder.assetcatalog; path = Assets.xcassets; sourceTree = "<group>"; };
		EE47574B29F93EF700C7F2C0 /* Base */ = {isa = PBXFileReference; lastKnownFileType = file.storyboard; name = Base; path = Base.lproj/LaunchScreen.storyboard; sourceTree = "<group>"; };
		EE47574D29F93EF700C7F2C0 /* Info.plist */ = {isa = PBXFileReference; lastKnownFileType = text.plist.xml; path = Info.plist; sourceTree = "<group>"; };
		EE47575629F947DE00C7F2C0 /* LivePreviewViews.swift */ = {isa = PBXFileReference; lastKnownFileType = sourcecode.swift; path = LivePreviewViews.swift; sourceTree = "<group>"; };
		EE47575929F9499100C7F2C0 /* AuthViewController.swift */ = {isa = PBXFileReference; lastKnownFileType = sourcecode.swift; path = AuthViewController.swift; sourceTree = "<group>"; };
		EE47575B29F94AC600C7F2C0 /* AuthView.swift */ = {isa = PBXFileReference; lastKnownFileType = sourcecode.swift; path = AuthView.swift; sourceTree = "<group>"; };
		EE47575D29F94EF400C7F2C0 /* UIView+Extensions.swift */ = {isa = PBXFileReference; lastKnownFileType = sourcecode.swift; path = "UIView+Extensions.swift"; sourceTree = "<group>"; };
		EE47575F29F950A700C7F2C0 /* UIColor+Extension.swift */ = {isa = PBXFileReference; lastKnownFileType = sourcecode.swift; path = "UIColor+Extension.swift"; sourceTree = "<group>"; };
		EE47577029F9609100C7F2C0 /* UserViewModel.xcdatamodel */ = {isa = PBXFileReference; lastKnownFileType = wrapper.xcdatamodel; path = UserViewModel.xcdatamodel; sourceTree = "<group>"; };
		EE47577429F9613F00C7F2C0 /* CoreDataManager.swift */ = {isa = PBXFileReference; lastKnownFileType = sourcecode.swift; path = CoreDataManager.swift; sourceTree = "<group>"; };
		EE47577629F9614B00C7F2C0 /* ApiManager.swift */ = {isa = PBXFileReference; lastKnownFileType = sourcecode.swift; path = ApiManager.swift; sourceTree = "<group>"; };
		EE47577829F9627D00C7F2C0 /* UserViewModel.swift */ = {isa = PBXFileReference; lastKnownFileType = sourcecode.swift; path = UserViewModel.swift; sourceTree = "<group>"; };
		EE47577B29F98E3A00C7F2C0 /* JsonCoreData+Extension.swift */ = {isa = PBXFileReference; lastKnownFileType = sourcecode.swift; path = "JsonCoreData+Extension.swift"; sourceTree = "<group>"; };
		EE595AEC2A0167A3002B1AB2 /* UserPostComment.swift */ = {isa = PBXFileReference; lastKnownFileType = sourcecode.swift; path = UserPostComment.swift; sourceTree = "<group>"; };
		EE732ED22A14F4CC0005E949 /* SplashViewController.swift */ = {isa = PBXFileReference; lastKnownFileType = sourcecode.swift; path = SplashViewController.swift; sourceTree = "<group>"; };
		EE732ED32A14F4CC0005E949 /* SplashViewController.xib */ = {isa = PBXFileReference; lastKnownFileType = file.xib; path = SplashViewController.xib; sourceTree = "<group>"; };
		EE732EDA2A1517050005E949 /* CollectionView.swift */ = {isa = PBXFileReference; lastKnownFileType = sourcecode.swift; path = CollectionView.swift; sourceTree = "<group>"; };
		EE732EDC2A151A170005E949 /* splash.json */ = {isa = PBXFileReference; fileEncoding = 4; lastKnownFileType = text.json; path = splash.json; sourceTree = "<group>"; };
		EE749EEC29FD9B68008C56D2 /* User.swift */ = {isa = PBXFileReference; lastKnownFileType = sourcecode.swift; path = User.swift; sourceTree = "<group>"; };
		EE749EEE29FDB3FB008C56D2 /* UserPost.swift */ = {isa = PBXFileReference; lastKnownFileType = sourcecode.swift; path = UserPost.swift; sourceTree = "<group>"; };
		EE749EF029FDB536008C56D2 /* UserPostViewModel.swift */ = {isa = PBXFileReference; lastKnownFileType = sourcecode.swift; path = UserPostViewModel.swift; sourceTree = "<group>"; };
		EEA00EE02A0291850090691D /* TableView+Extension.swift */ = {isa = PBXFileReference; lastKnownFileType = sourcecode.swift; path = "TableView+Extension.swift"; sourceTree = "<group>"; };
		EEA00EE52A029F8B0090691D /* DataSource.swift */ = {isa = PBXFileReference; lastKnownFileType = sourcecode.swift; path = DataSource.swift; sourceTree = "<group>"; };
		EEA00EEA2A02A1930090691D /* UserPostItemTableViewCell.swift */ = {isa = PBXFileReference; lastKnownFileType = sourcecode.swift; path = UserPostItemTableViewCell.swift; sourceTree = "<group>"; };
		EEA221332A0448E90086DB68 /* BaseApi.swift */ = {isa = PBXFileReference; lastKnownFileType = sourcecode.swift; path = BaseApi.swift; sourceTree = "<group>"; };
		EEAF58E72A0EE1F800CF843F /* ListPostViewController.swift */ = {isa = PBXFileReference; lastKnownFileType = sourcecode.swift; path = ListPostViewController.swift; sourceTree = "<group>"; };
		EECBE1492A09AE6400D22E53 /* ApiManagerParses.swift */ = {isa = PBXFileReference; lastKnownFileType = sourcecode.swift; path = ApiManagerParses.swift; sourceTree = "<group>"; };
		EECCD7BF2A12E53800F7F7EE /* UserApi.swift */ = {isa = PBXFileReference; lastKnownFileType = sourcecode.swift; path = UserApi.swift; sourceTree = "<group>"; };
		EEDB46FB29FB30E600993258 /* ListCollectionViewCell.swift */ = {isa = PBXFileReference; lastKnownFileType = sourcecode.swift; path = ListCollectionViewCell.swift; sourceTree = "<group>"; };
		EEEFAADB2A0E384C00E65AC5 /* UserPostCommentsViewModel.swift */ = {isa = PBXFileReference; fileEncoding = 4; lastKnownFileType = sourcecode.swift; name = UserPostCommentsViewModel.swift; path = RXswift/ViewModel/UserPostCommentsViewModel.swift; sourceTree = SOURCE_ROOT; };
		F6187D1564E53E2F07A2C072 /* Pods_RXswift.framework */ = {isa = PBXFileReference; explicitFileType = wrapper.framework; includeInIndex = 0; path = Pods_RXswift.framework; sourceTree = BUILT_PRODUCTS_DIR; };
/* End PBXFileReference section */

/* Begin PBXFrameworksBuildPhase section */
		EE47573929F93EF600C7F2C0 /* Frameworks */ = {
			isa = PBXFrameworksBuildPhase;
			buildActionMask = 2147483647;
			files = (
				6E954C307836D8933B098223 /* Pods_RXswift.framework in Frameworks */,
			);
			runOnlyForDeploymentPostprocessing = 0;
		};
/* End PBXFrameworksBuildPhase section */

/* Begin PBXGroup section */
		037AFDAA0A2BA30F0480A20D /* Pods */ = {
			isa = PBXGroup;
			children = (
				D335D22E9B78BDCC357C97BE /* Pods-RXswift.debug.xcconfig */,
				C08BAF7C03E864FD0F5DB1F8 /* Pods-RXswift.release.xcconfig */,
			);
			path = Pods;
			sourceTree = "<group>";
		};
		458B707659DC9E03690BD3D8 /* Frameworks */ = {
			isa = PBXGroup;
			children = (
				F6187D1564E53E2F07A2C072 /* Pods_RXswift.framework */,
			);
			name = Frameworks;
			sourceTree = "<group>";
		};
		EE47573329F93EF600C7F2C0 = {
			isa = PBXGroup;
			children = (
				EE47573E29F93EF600C7F2C0 /* RXswift */,
				EE47573D29F93EF600C7F2C0 /* Products */,
				037AFDAA0A2BA30F0480A20D /* Pods */,
				458B707659DC9E03690BD3D8 /* Frameworks */,
			);
			sourceTree = "<group>";
		};
		EE47573D29F93EF600C7F2C0 /* Products */ = {
			isa = PBXGroup;
			children = (
				EE47573C29F93EF600C7F2C0 /* RXswift.app */,
			);
			name = Products;
			sourceTree = "<group>";
		};
		EE47573E29F93EF600C7F2C0 /* RXswift */ = {
			isa = PBXGroup;
			children = (
				EEEFAADE2A0E3A3B00E65AC5 /* Utilits */,
				EE749EEB29FD9B59008C56D2 /* Model */,
				EE47577229F9610400C7F2C0 /* ViewModel */,
				EE47576329F95E1000C7F2C0 /* Views */,
				EE47575829F9485D00C7F2C0 /* App */,
				EE47574D29F93EF700C7F2C0 /* Info.plist */,
				EE47576F29F9609100C7F2C0 /* UserViewModel.xcdatamodeld */,
			);
			path = RXswift;
			sourceTree = "<group>";
		};
		EE47575329F93F7700C7F2C0 /* ListPost */ = {
			isa = PBXGroup;
			children = (
				EE732ED92A1516EE0005E949 /* View */,
				EEDB46FA29FB30D800993258 /* Cell */,
				EEAF58E72A0EE1F800CF843F /* ListPostViewController.swift */,
			);
			path = ListPost;
			sourceTree = "<group>";
		};
		EE47575429F9411200C7F2C0 /* Auth */ = {
			isa = PBXGroup;
			children = (
				EE47576429F95E3800C7F2C0 /* View */,
				EE47575929F9499100C7F2C0 /* AuthViewController.swift */,
			);
			path = Auth;
			sourceTree = "<group>";
		};
		EE47575529F947BC00C7F2C0 /* LivePreviewViews */ = {
			isa = PBXGroup;
			children = (
				EE47575629F947DE00C7F2C0 /* LivePreviewViews.swift */,
			);
			path = LivePreviewViews;
			sourceTree = "<group>";
		};
		EE47575829F9485D00C7F2C0 /* App */ = {
			isa = PBXGroup;
			children = (
				EE47577329F9613000C7F2C0 /* Networking */,
				EE47573F29F93EF600C7F2C0 /* AppDelegate.swift */,
				EE47574129F93EF600C7F2C0 /* SceneDelegate.swift */,
				EE47574329F93EF600C7F2C0 /* ViewController.swift */,
				EE47574529F93EF600C7F2C0 /* Main.storyboard */,
				EE47574A29F93EF700C7F2C0 /* LaunchScreen.storyboard */,
				EE0AF6122A070720001CE046 /* ViewModel.swift */,
			);
			path = App;
			sourceTree = "<group>";
		};
		EE47576129F95DDF00C7F2C0 /* Extensions */ = {
			isa = PBXGroup;
			children = (
				EEA00EE02A0291850090691D /* TableView+Extension.swift */,
				EE47577A29F98E0500C7F2C0 /* JsonToCoreData+Extension */,
				EE47575D29F94EF400C7F2C0 /* UIView+Extensions.swift */,
				EE47575F29F950A700C7F2C0 /* UIColor+Extension.swift */,
			);
			path = Extensions;
			sourceTree = "<group>";
		};
		EE47576329F95E1000C7F2C0 /* Views */ = {
			isa = PBXGroup;
			children = (
				EEEFAADD2A0E3A1300E65AC5 /* Controllers */,
			);
			path = Views;
			sourceTree = "<group>";
		};
		EE47576429F95E3800C7F2C0 /* View */ = {
			isa = PBXGroup;
			children = (
				EE47575B29F94AC600C7F2C0 /* AuthView.swift */,
			);
			path = View;
			sourceTree = "<group>";
		};
		EE47576529F95E4C00C7F2C0 /* Resources */ = {
			isa = PBXGroup;
			children = (
				EE732ED82A14F7270005E949 /* Lottie */,
				EE47574829F93EF700C7F2C0 /* Assets.xcassets */,
			);
			path = Resources;
			sourceTree = "<group>";
		};
		EE47577229F9610400C7F2C0 /* ViewModel */ = {
			isa = PBXGroup;
			children = (
				EE47577829F9627D00C7F2C0 /* UserViewModel.swift */,
				EE749EF029FDB536008C56D2 /* UserPostViewModel.swift */,
				EEEFAADB2A0E384C00E65AC5 /* UserPostCommentsViewModel.swift */,
			);
			path = ViewModel;
			sourceTree = "<group>";
		};
		EE47577329F9613000C7F2C0 /* Networking */ = {
			isa = PBXGroup;
			children = (
				EECCD7BE2A12E52700F7F7EE /* Api */,
				EE47577429F9613F00C7F2C0 /* CoreDataManager.swift */,
				EE47577629F9614B00C7F2C0 /* ApiManager.swift */,
				EECBE1492A09AE6400D22E53 /* ApiManagerParses.swift */,
			);
			path = Networking;
			sourceTree = "<group>";
		};
		EE47577A29F98E0500C7F2C0 /* JsonToCoreData+Extension */ = {
			isa = PBXGroup;
			children = (
				EE47577B29F98E3A00C7F2C0 /* JsonCoreData+Extension.swift */,
			);
			path = "JsonToCoreData+Extension";
			sourceTree = "<group>";
		};
		EE595AEE2A016AE7002B1AB2 /* UserPostComments */ = {
			isa = PBXGroup;
			children = (
				EEA00EE92A02A16F0090691D /* Cell */,
				EE0184752A0020DF00C5CFB2 /* UserPostCommentsViewController.swift */,
			);
			path = UserPostComments;
			sourceTree = "<group>";
		};
		EE732ED12A14F42A0005E949 /* Splash */ = {
			isa = PBXGroup;
			children = (
				EE732ED22A14F4CC0005E949 /* SplashViewController.swift */,
				EE732ED32A14F4CC0005E949 /* SplashViewController.xib */,
			);
			path = Splash;
			sourceTree = "<group>";
		};
		EE732ED82A14F7270005E949 /* Lottie */ = {
			isa = PBXGroup;
			children = (
				EE732EDC2A151A170005E949 /* splash.json */,
			);
			path = Lottie;
			sourceTree = "<group>";
		};
		EE732ED92A1516EE0005E949 /* View */ = {
			isa = PBXGroup;
			children = (
				EE732EDA2A1517050005E949 /* CollectionView.swift */,
			);
			path = View;
			sourceTree = "<group>";
		};
		EE749EEB29FD9B59008C56D2 /* Model */ = {
			isa = PBXGroup;
			children = (
				EECBE14B2A09AFE200D22E53 /* Responses */,
			);
			path = Model;
			sourceTree = "<group>";
		};
		EEA00EE42A029F7A0090691D /* DataSource */ = {
			isa = PBXGroup;
			children = (
				EEA00EE52A029F8B0090691D /* DataSource.swift */,
			);
			path = DataSource;
			sourceTree = "<group>";
		};
		EEA00EE92A02A16F0090691D /* Cell */ = {
			isa = PBXGroup;
			children = (
				EEA00EEA2A02A1930090691D /* UserPostItemTableViewCell.swift */,
			);
			path = Cell;
			sourceTree = "<group>";
		};
		EECBE14B2A09AFE200D22E53 /* Responses */ = {
			isa = PBXGroup;
			children = (
				EE749EEC29FD9B68008C56D2 /* User.swift */,
				EE595AEC2A0167A3002B1AB2 /* UserPostComment.swift */,
				EE749EEE29FDB3FB008C56D2 /* UserPost.swift */,
			);
			path = Responses;
			sourceTree = "<group>";
		};
		EECCD7BE2A12E52700F7F7EE /* Api */ = {
			isa = PBXGroup;
			children = (
				EEA221332A0448E90086DB68 /* BaseApi.swift */,
				EECCD7BF2A12E53800F7F7EE /* UserApi.swift */,
			);
			path = Api;
			sourceTree = "<group>";
		};
		EEDB46FA29FB30D800993258 /* Cell */ = {
			isa = PBXGroup;
			children = (
				EEDB46FB29FB30E600993258 /* ListCollectionViewCell.swift */,
				EE0184712A0014F100C5CFB2 /* HeaderCollectionViewCell.swift */,
				EE0184732A00153A00C5CFB2 /* FooterCollectionViewCell.swift */,
			);
			path = Cell;
			sourceTree = "<group>";
		};
		EEEFAADD2A0E3A1300E65AC5 /* Controllers */ = {
			isa = PBXGroup;
			children = (
				EE732ED12A14F42A0005E949 /* Splash */,
				EE47575329F93F7700C7F2C0 /* ListPost */,
				EE47575429F9411200C7F2C0 /* Auth */,
				EE595AEE2A016AE7002B1AB2 /* UserPostComments */,
			);
			path = Controllers;
			sourceTree = "<group>";
		};
		EEEFAADE2A0E3A3B00E65AC5 /* Utilits */ = {
			isa = PBXGroup;
			children = (
				EEA00EE42A029F7A0090691D /* DataSource */,
				EE47576529F95E4C00C7F2C0 /* Resources */,
				EE47575529F947BC00C7F2C0 /* LivePreviewViews */,
				EE47576129F95DDF00C7F2C0 /* Extensions */,
			);
			path = Utilits;
			sourceTree = "<group>";
		};
/* End PBXGroup section */

/* Begin PBXNativeTarget section */
		EE47573B29F93EF600C7F2C0 /* RXswift */ = {
			isa = PBXNativeTarget;
			buildConfigurationList = EE47575029F93EF700C7F2C0 /* Build configuration list for PBXNativeTarget "RXswift" */;
			buildPhases = (
				94D7AF8D6A41FCDBCA813027 /* [CP] Check Pods Manifest.lock */,
				EE47573829F93EF600C7F2C0 /* Sources */,
				EE47573929F93EF600C7F2C0 /* Frameworks */,
				EE47573A29F93EF600C7F2C0 /* Resources */,
				A55D86403E6BEBA062763B36 /* [CP] Embed Pods Frameworks */,
			);
			buildRules = (
			);
			dependencies = (
			);
			name = RXswift;
			productName = RXswift;
			productReference = EE47573C29F93EF600C7F2C0 /* RXswift.app */;
			productType = "com.apple.product-type.application";
		};
/* End PBXNativeTarget section */

/* Begin PBXProject section */
		EE47573429F93EF600C7F2C0 /* Project object */ = {
			isa = PBXProject;
			attributes = {
				BuildIndependentTargetsInParallel = 1;
				LastSwiftUpdateCheck = 1430;
				LastUpgradeCheck = 1430;
				TargetAttributes = {
					EE47573B29F93EF600C7F2C0 = {
						CreatedOnToolsVersion = 14.3;
					};
				};
			};
			buildConfigurationList = EE47573729F93EF600C7F2C0 /* Build configuration list for PBXProject "RXswift" */;
			compatibilityVersion = "Xcode 14.0";
			developmentRegion = en;
			hasScannedForEncodings = 0;
			knownRegions = (
				en,
				Base,
			);
			mainGroup = EE47573329F93EF600C7F2C0;
			productRefGroup = EE47573D29F93EF600C7F2C0 /* Products */;
			projectDirPath = "";
			projectRoot = "";
			targets = (
				EE47573B29F93EF600C7F2C0 /* RXswift */,
			);
		};
/* End PBXProject section */

/* Begin PBXResourcesBuildPhase section */
		EE47573A29F93EF600C7F2C0 /* Resources */ = {
			isa = PBXResourcesBuildPhase;
			buildActionMask = 2147483647;
			files = (
				EE47574C29F93EF700C7F2C0 /* LaunchScreen.storyboard in Resources */,
				EE47574929F93EF700C7F2C0 /* Assets.xcassets in Resources */,
				EE47574729F93EF600C7F2C0 /* Main.storyboard in Resources */,
				EE732ED52A14F4CC0005E949 /* SplashViewController.xib in Resources */,
				EE732EDD2A151A170005E949 /* splash.json in Resources */,
			);
			runOnlyForDeploymentPostprocessing = 0;
		};
/* End PBXResourcesBuildPhase section */

/* Begin PBXShellScriptBuildPhase section */
		94D7AF8D6A41FCDBCA813027 /* [CP] Check Pods Manifest.lock */ = {
			isa = PBXShellScriptBuildPhase;
			buildActionMask = 2147483647;
			files = (
			);
			inputFileListPaths = (
			);
			inputPaths = (
				"${PODS_PODFILE_DIR_PATH}/Podfile.lock",
				"${PODS_ROOT}/Manifest.lock",
			);
			name = "[CP] Check Pods Manifest.lock";
			outputFileListPaths = (
			);
			outputPaths = (
				"$(DERIVED_FILE_DIR)/Pods-RXswift-checkManifestLockResult.txt",
			);
			runOnlyForDeploymentPostprocessing = 0;
			shellPath = /bin/sh;
			shellScript = "diff \"${PODS_PODFILE_DIR_PATH}/Podfile.lock\" \"${PODS_ROOT}/Manifest.lock\" > /dev/null\nif [ $? != 0 ] ; then\n    # print error to STDERR\n    echo \"error: The sandbox is not in sync with the Podfile.lock. Run 'pod install' or update your CocoaPods installation.\" >&2\n    exit 1\nfi\n# This output is used by Xcode 'outputs' to avoid re-running this script phase.\necho \"SUCCESS\" > \"${SCRIPT_OUTPUT_FILE_0}\"\n";
			showEnvVarsInLog = 0;
		};
		A55D86403E6BEBA062763B36 /* [CP] Embed Pods Frameworks */ = {
			isa = PBXShellScriptBuildPhase;
			buildActionMask = 2147483647;
			files = (
			);
			inputFileListPaths = (
				"${PODS_ROOT}/Target Support Files/Pods-RXswift/Pods-RXswift-frameworks-${CONFIGURATION}-input-files.xcfilelist",
			);
			name = "[CP] Embed Pods Frameworks";
			outputFileListPaths = (
				"${PODS_ROOT}/Target Support Files/Pods-RXswift/Pods-RXswift-frameworks-${CONFIGURATION}-output-files.xcfilelist",
			);
			runOnlyForDeploymentPostprocessing = 0;
			shellPath = /bin/sh;
			shellScript = "\"${PODS_ROOT}/Target Support Files/Pods-RXswift/Pods-RXswift-frameworks.sh\"\n";
			showEnvVarsInLog = 0;
		};
/* End PBXShellScriptBuildPhase section */

/* Begin PBXSourcesBuildPhase section */
		EE47573829F93EF600C7F2C0 /* Sources */ = {
			isa = PBXSourcesBuildPhase;
			buildActionMask = 2147483647;
			files = (
				EE0184762A0020DF00C5CFB2 /* UserPostCommentsViewController.swift in Sources */,
				EE47575E29F94EF400C7F2C0 /* UIView+Extensions.swift in Sources */,
				EE47577929F9627D00C7F2C0 /* UserViewModel.swift in Sources */,
				EEA00EE62A029F8B0090691D /* DataSource.swift in Sources */,
				EEAF58E92A0EE1F800CF843F /* ListPostViewController.swift in Sources */,
				EE47574429F93EF600C7F2C0 /* ViewController.swift in Sources */,
				EE749EF129FDB536008C56D2 /* UserPostViewModel.swift in Sources */,
				EE47575729F947DE00C7F2C0 /* LivePreviewViews.swift in Sources */,
				EE749EED29FD9B68008C56D2 /* User.swift in Sources */,
				EE47575C29F94AC600C7F2C0 /* AuthView.swift in Sources */,
				EE47577529F9613F00C7F2C0 /* CoreDataManager.swift in Sources */,
				EEA221342A0448E90086DB68 /* BaseApi.swift in Sources */,
				EEA00EEB2A02A1930090691D /* UserPostItemTableViewCell.swift in Sources */,
				EEDB46FC29FB30E600993258 /* ListCollectionViewCell.swift in Sources */,
				EEEFAADC2A0E384C00E65AC5 /* UserPostCommentsViewModel.swift in Sources */,
				EE47575A29F9499100C7F2C0 /* AuthViewController.swift in Sources */,
				EE47577729F9614B00C7F2C0 /* ApiManager.swift in Sources */,
				EE47574029F93EF600C7F2C0 /* AppDelegate.swift in Sources */,
				EE749EEF29FDB3FB008C56D2 /* UserPost.swift in Sources */,
				EECCD7C02A12E53800F7F7EE /* UserApi.swift in Sources */,
				EE595AED2A0167A3002B1AB2 /* UserPostComment.swift in Sources */,
				EE47574229F93EF600C7F2C0 /* SceneDelegate.swift in Sources */,
				EE732EDB2A1517050005E949 /* CollectionView.swift in Sources */,
				EE0AF6132A070720001CE046 /* ViewModel.swift in Sources */,
				EE0184722A0014F100C5CFB2 /* HeaderCollectionViewCell.swift in Sources */,
				EE47577129F9609100C7F2C0 /* UserViewModel.xcdatamodeld in Sources */,
				EE47576029F950A700C7F2C0 /* UIColor+Extension.swift in Sources */,
				EE732ED42A14F4CC0005E949 /* SplashViewController.swift in Sources */,
				EEA00EE12A0291850090691D /* TableView+Extension.swift in Sources */,
				EE47577C29F98E3A00C7F2C0 /* JsonCoreData+Extension.swift in Sources */,
				EECBE14A2A09AE6400D22E53 /* ApiManagerParses.swift in Sources */,
				EE0184742A00153A00C5CFB2 /* FooterCollectionViewCell.swift in Sources */,
			);
			runOnlyForDeploymentPostprocessing = 0;
		};
/* End PBXSourcesBuildPhase section */

/* Begin PBXVariantGroup section */
		EE47574529F93EF600C7F2C0 /* Main.storyboard */ = {
			isa = PBXVariantGroup;
			children = (
				EE47574629F93EF600C7F2C0 /* Base */,
			);
			name = Main.storyboard;
			sourceTree = "<group>";
		};
		EE47574A29F93EF700C7F2C0 /* LaunchScreen.storyboard */ = {
			isa = PBXVariantGroup;
			children = (
				EE47574B29F93EF700C7F2C0 /* Base */,
			);
			name = LaunchScreen.storyboard;
			sourceTree = "<group>";
		};
/* End PBXVariantGroup section */

/* Begin XCBuildConfiguration section */
		EE47574E29F93EF700C7F2C0 /* Debug */ = {
			isa = XCBuildConfiguration;
			buildSettings = {
				ALWAYS_SEARCH_USER_PATHS = NO;
				CLANG_ANALYZER_NONNULL = YES;
				CLANG_ANALYZER_NUMBER_OBJECT_CONVERSION = YES_AGGRESSIVE;
				CLANG_CXX_LANGUAGE_STANDARD = "gnu++20";
				CLANG_ENABLE_MODULES = YES;
				CLANG_ENABLE_OBJC_ARC = YES;
				CLANG_ENABLE_OBJC_WEAK = YES;
				CLANG_WARN_BLOCK_CAPTURE_AUTORELEASING = YES;
				CLANG_WARN_BOOL_CONVERSION = YES;
				CLANG_WARN_COMMA = YES;
				CLANG_WARN_CONSTANT_CONVERSION = YES;
				CLANG_WARN_DEPRECATED_OBJC_IMPLEMENTATIONS = YES;
				CLANG_WARN_DIRECT_OBJC_ISA_USAGE = YES_ERROR;
				CLANG_WARN_DOCUMENTATION_COMMENTS = YES;
				CLANG_WARN_EMPTY_BODY = YES;
				CLANG_WARN_ENUM_CONVERSION = YES;
				CLANG_WARN_INFINITE_RECURSION = YES;
				CLANG_WARN_INT_CONVERSION = YES;
				CLANG_WARN_NON_LITERAL_NULL_CONVERSION = YES;
				CLANG_WARN_OBJC_IMPLICIT_RETAIN_SELF = YES;
				CLANG_WARN_OBJC_LITERAL_CONVERSION = YES;
				CLANG_WARN_OBJC_ROOT_CLASS = YES_ERROR;
				CLANG_WARN_QUOTED_INCLUDE_IN_FRAMEWORK_HEADER = YES;
				CLANG_WARN_RANGE_LOOP_ANALYSIS = YES;
				CLANG_WARN_STRICT_PROTOTYPES = YES;
				CLANG_WARN_SUSPICIOUS_MOVE = YES;
				CLANG_WARN_UNGUARDED_AVAILABILITY = YES_AGGRESSIVE;
				CLANG_WARN_UNREACHABLE_CODE = YES;
				CLANG_WARN__DUPLICATE_METHOD_MATCH = YES;
				COPY_PHASE_STRIP = NO;
				DEBUG_INFORMATION_FORMAT = dwarf;
				ENABLE_STRICT_OBJC_MSGSEND = YES;
				ENABLE_TESTABILITY = YES;
				GCC_C_LANGUAGE_STANDARD = gnu11;
				GCC_DYNAMIC_NO_PIC = NO;
				GCC_NO_COMMON_BLOCKS = YES;
				GCC_OPTIMIZATION_LEVEL = 0;
				GCC_PREPROCESSOR_DEFINITIONS = (
					"DEBUG=1",
					"$(inherited)",
				);
				GCC_WARN_64_TO_32_BIT_CONVERSION = YES;
				GCC_WARN_ABOUT_RETURN_TYPE = YES_ERROR;
				GCC_WARN_UNDECLARED_SELECTOR = YES;
				GCC_WARN_UNINITIALIZED_AUTOS = YES_AGGRESSIVE;
				GCC_WARN_UNUSED_FUNCTION = YES;
				GCC_WARN_UNUSED_VARIABLE = YES;
				IPHONEOS_DEPLOYMENT_TARGET = 16.4;
				MTL_ENABLE_DEBUG_INFO = INCLUDE_SOURCE;
				MTL_FAST_MATH = YES;
				ONLY_ACTIVE_ARCH = YES;
				SDKROOT = iphoneos;
				SWIFT_ACTIVE_COMPILATION_CONDITIONS = DEBUG;
				SWIFT_OPTIMIZATION_LEVEL = "-Onone";
			};
			name = Debug;
		};
		EE47574F29F93EF700C7F2C0 /* Release */ = {
			isa = XCBuildConfiguration;
			buildSettings = {
				ALWAYS_SEARCH_USER_PATHS = NO;
				CLANG_ANALYZER_NONNULL = YES;
				CLANG_ANALYZER_NUMBER_OBJECT_CONVERSION = YES_AGGRESSIVE;
				CLANG_CXX_LANGUAGE_STANDARD = "gnu++20";
				CLANG_ENABLE_MODULES = YES;
				CLANG_ENABLE_OBJC_ARC = YES;
				CLANG_ENABLE_OBJC_WEAK = YES;
				CLANG_WARN_BLOCK_CAPTURE_AUTORELEASING = YES;
				CLANG_WARN_BOOL_CONVERSION = YES;
				CLANG_WARN_COMMA = YES;
				CLANG_WARN_CONSTANT_CONVERSION = YES;
				CLANG_WARN_DEPRECATED_OBJC_IMPLEMENTATIONS = YES;
				CLANG_WARN_DIRECT_OBJC_ISA_USAGE = YES_ERROR;
				CLANG_WARN_DOCUMENTATION_COMMENTS = YES;
				CLANG_WARN_EMPTY_BODY = YES;
				CLANG_WARN_ENUM_CONVERSION = YES;
				CLANG_WARN_INFINITE_RECURSION = YES;
				CLANG_WARN_INT_CONVERSION = YES;
				CLANG_WARN_NON_LITERAL_NULL_CONVERSION = YES;
				CLANG_WARN_OBJC_IMPLICIT_RETAIN_SELF = YES;
				CLANG_WARN_OBJC_LITERAL_CONVERSION = YES;
				CLANG_WARN_OBJC_ROOT_CLASS = YES_ERROR;
				CLANG_WARN_QUOTED_INCLUDE_IN_FRAMEWORK_HEADER = YES;
				CLANG_WARN_RANGE_LOOP_ANALYSIS = YES;
				CLANG_WARN_STRICT_PROTOTYPES = YES;
				CLANG_WARN_SUSPICIOUS_MOVE = YES;
				CLANG_WARN_UNGUARDED_AVAILABILITY = YES_AGGRESSIVE;
				CLANG_WARN_UNREACHABLE_CODE = YES;
				CLANG_WARN__DUPLICATE_METHOD_MATCH = YES;
				COPY_PHASE_STRIP = NO;
				DEBUG_INFORMATION_FORMAT = "dwarf-with-dsym";
				ENABLE_NS_ASSERTIONS = NO;
				ENABLE_STRICT_OBJC_MSGSEND = YES;
				GCC_C_LANGUAGE_STANDARD = gnu11;
				GCC_NO_COMMON_BLOCKS = YES;
				GCC_WARN_64_TO_32_BIT_CONVERSION = YES;
				GCC_WARN_ABOUT_RETURN_TYPE = YES_ERROR;
				GCC_WARN_UNDECLARED_SELECTOR = YES;
				GCC_WARN_UNINITIALIZED_AUTOS = YES_AGGRESSIVE;
				GCC_WARN_UNUSED_FUNCTION = YES;
				GCC_WARN_UNUSED_VARIABLE = YES;
				IPHONEOS_DEPLOYMENT_TARGET = 16.4;
				MTL_ENABLE_DEBUG_INFO = NO;
				MTL_FAST_MATH = YES;
				SDKROOT = iphoneos;
				SWIFT_COMPILATION_MODE = wholemodule;
				SWIFT_OPTIMIZATION_LEVEL = "-O";
				VALIDATE_PRODUCT = YES;
			};
			name = Release;
		};
		EE47575129F93EF700C7F2C0 /* Debug */ = {
			isa = XCBuildConfiguration;
			baseConfigurationReference = D335D22E9B78BDCC357C97BE /* Pods-RXswift.debug.xcconfig */;
			buildSettings = {
				ASSETCATALOG_COMPILER_APPICON_NAME = AppIcon;
				ASSETCATALOG_COMPILER_GLOBAL_ACCENT_COLOR_NAME = AccentColor;
				CODE_SIGN_STYLE = Automatic;
				CURRENT_PROJECT_VERSION = 1;
				DEVELOPMENT_TEAM = 9QASH6QZ2H;
				GENERATE_INFOPLIST_FILE = YES;
				INFOPLIST_FILE = RXswift/Info.plist;
				INFOPLIST_KEY_UIApplicationSupportsIndirectInputEvents = YES;
				INFOPLIST_KEY_UILaunchStoryboardName = LaunchScreen;
				INFOPLIST_KEY_UIMainStoryboardFile = Main;
				INFOPLIST_KEY_UISupportedInterfaceOrientations_iPad = "UIInterfaceOrientationPortrait UIInterfaceOrientationPortraitUpsideDown UIInterfaceOrientationLandscapeLeft UIInterfaceOrientationLandscapeRight";
				INFOPLIST_KEY_UISupportedInterfaceOrientations_iPhone = "UIInterfaceOrientationPortrait UIInterfaceOrientationLandscapeLeft UIInterfaceOrientationLandscapeRight";
				LD_RUNPATH_SEARCH_PATHS = (
					"$(inherited)",
					"@executable_path/Frameworks",
				);
				MARKETING_VERSION = 1.0;
				PRODUCT_BUNDLE_IDENTIFIER = com.williamSantos.RXswift;
				PRODUCT_NAME = "$(TARGET_NAME)";
				SWIFT_EMIT_LOC_STRINGS = YES;
				SWIFT_VERSION = 5.0;
				TARGETED_DEVICE_FAMILY = "1,2";
			};
			name = Debug;
		};
		EE47575229F93EF700C7F2C0 /* Release */ = {
			isa = XCBuildConfiguration;
			baseConfigurationReference = C08BAF7C03E864FD0F5DB1F8 /* Pods-RXswift.release.xcconfig */;
			buildSettings = {
				ASSETCATALOG_COMPILER_APPICON_NAME = AppIcon;
				ASSETCATALOG_COMPILER_GLOBAL_ACCENT_COLOR_NAME = AccentColor;
				CODE_SIGN_STYLE = Automatic;
				CURRENT_PROJECT_VERSION = 1;
				DEVELOPMENT_TEAM = 9QASH6QZ2H;
				GENERATE_INFOPLIST_FILE = YES;
				INFOPLIST_FILE = RXswift/Info.plist;
				INFOPLIST_KEY_UIApplicationSupportsIndirectInputEvents = YES;
				INFOPLIST_KEY_UILaunchStoryboardName = LaunchScreen;
				INFOPLIST_KEY_UIMainStoryboardFile = Main;
				INFOPLIST_KEY_UISupportedInterfaceOrientations_iPad = "UIInterfaceOrientationPortrait UIInterfaceOrientationPortraitUpsideDown UIInterfaceOrientationLandscapeLeft UIInterfaceOrientationLandscapeRight";
				INFOPLIST_KEY_UISupportedInterfaceOrientations_iPhone = "UIInterfaceOrientationPortrait UIInterfaceOrientationLandscapeLeft UIInterfaceOrientationLandscapeRight";
				LD_RUNPATH_SEARCH_PATHS = (
					"$(inherited)",
					"@executable_path/Frameworks",
				);
				MARKETING_VERSION = 1.0;
				PRODUCT_BUNDLE_IDENTIFIER = com.williamSantos.RXswift;
				PRODUCT_NAME = "$(TARGET_NAME)";
				SWIFT_EMIT_LOC_STRINGS = YES;
				SWIFT_VERSION = 5.0;
				TARGETED_DEVICE_FAMILY = "1,2";
			};
			name = Release;
		};
/* End XCBuildConfiguration section */

/* Begin XCConfigurationList section */
		EE47573729F93EF600C7F2C0 /* Build configuration list for PBXProject "RXswift" */ = {
			isa = XCConfigurationList;
			buildConfigurations = (
				EE47574E29F93EF700C7F2C0 /* Debug */,
				EE47574F29F93EF700C7F2C0 /* Release */,
			);
			defaultConfigurationIsVisible = 0;
			defaultConfigurationName = Release;
		};
		EE47575029F93EF700C7F2C0 /* Build configuration list for PBXNativeTarget "RXswift" */ = {
			isa = XCConfigurationList;
			buildConfigurations = (
				EE47575129F93EF700C7F2C0 /* Debug */,
				EE47575229F93EF700C7F2C0 /* Release */,
			);
			defaultConfigurationIsVisible = 0;
			defaultConfigurationName = Release;
		};
/* End XCConfigurationList section */

/* Begin XCVersionGroup section */
		EE47576F29F9609100C7F2C0 /* UserViewModel.xcdatamodeld */ = {
			isa = XCVersionGroup;
			children = (
				EE47577029F9609100C7F2C0 /* UserViewModel.xcdatamodel */,
			);
			currentVersion = EE47577029F9609100C7F2C0 /* UserViewModel.xcdatamodel */;
			path = UserViewModel.xcdatamodeld;
			sourceTree = "<group>";
			versionGroupType = wrapper.xcdatamodel;
		};
/* End XCVersionGroup section */
	};
	rootObject = EE47573429F93EF600C7F2C0 /* Project object */;
}
